set_global_assignment -name DEVICE EP1S80F1508C6
set_global_assignment -name FAMILY Stratix
set_global_assignment -name INI_VARS "qatm_force_vqm=on;vqmo_gen_svgx_vqm=on"
set_global_assignment -name TOP_LEVEL_ENTITY hdmi_ctrl
set_global_assignment -name PROJECT_OUTPUT_DIRECTORY "D:/IC_Competition/hdmidemotestpro7qvwuPro(1)_quitareapure(1)/hdmidemotestpro7qvwuPro(1)_quitareapure/hdmidemotestpro7uart_scalefix/hdmi_demo.runs/synth_1"
set_global_assignment -name PROJECT_CREATION_TIME_DATE "2026-06-10 14:39:24"
set_global_assignment -name VERILOG_FILE "D:/IC_Competition/hdmidemotestpro7qvwuPro(1)_quitareapure(1)/hdmidemotestpro7qvwuPro(1)_quitareapure/hdmidemotestpro7uart_scalefix/hdmi_demo.srcs/sources_1/new/i2c_master_top.v"
set_global_assignment -name VERILOG_FILE "D:/IC_Competition/hdmidemotestpro7qvwuPro(1)_quitareapure(1)/hdmidemotestpro7qvwuPro(1)_quitareapure/hdmidemotestpro7uart_scalefix/hdmi_demo.srcs/sources_1/new/morphology_top.v"
set_global_assignment -name VERILOG_FILE "D:/IC_Competition/hdmidemotestpro7qvwuPro(1)_quitareapure(1)/hdmidemotestpro7qvwuPro(1)_quitareapure/hdmidemotestpro7uart_scalefix/hdmi_demo.srcs/sources_1/new/cam_capture.v"
set_global_assignment -name VERILOG_FILE "D:/IC_Competition/hdmidemotestpro7qvwuPro(1)_quitareapure(1)/hdmidemotestpro7qvwuPro(1)_quitareapure/hdmidemotestpro7uart_scalefix/hdmi_demo.srcs/sources_1/new/color_space_top.v"
set_global_assignment -name VERILOG_FILE "D:/IC_Competition/hdmidemotestpro7qvwuPro(1)_quitareapure(1)/hdmidemotestpro7qvwuPro(1)_quitareapure/hdmidemotestpro7uart_scalefix/hdmi_demo.srcs/sources_1/new/affine_coord_gen.v"
set_global_assignment -name VERILOG_FILE "D:/IC_Competition/hdmidemotestpro7qvwuPro(1)_quitareapure(1)/hdmidemotestpro7qvwuPro(1)_quitareapure/hdmidemotestpro7uart_scalefix/hdmi_demo.srcs/sources_1/new/i2c_config.v"
set_global_assignment -name VERILOG_FILE "D:/IC_Competition/hdmidemotestpro7qvwuPro(1)_quitareapure(1)/hdmidemotestpro7qvwuPro(1)_quitareapure/hdmidemotestpro7uart_scalefix/hdmi_demo.srcs/sources_1/new/hdmi_driver.v"
set_global_assignment -name VERILOG_FILE "D:/IC_Competition/hdmidemotestpro7qvwuPro(1)_quitareapure(1)/hdmidemotestpro7qvwuPro(1)_quitareapure/hdmidemotestpro7uart_scalefix/hdmi_demo.srcs/sources_1/new/bilateral_filter_top.v"
set_global_assignment -name VERILOG_FILE "D:/IC_Competition/hdmidemotestpro7qvwuPro(1)_quitareapure(1)/hdmidemotestpro7qvwuPro(1)_quitareapure/hdmidemotestpro7uart_scalefix/hdmi_demo.srcs/sources_1/new/global.v"
set_global_assignment -name VERILOG_FILE "D:/IC_Competition/hdmidemotestpro7qvwuPro(1)_quitareapure(1)/hdmidemotestpro7qvwuPro(1)_quitareapure/hdmidemotestpro7uart_scalefix/hdmi_demo.srcs/sources_1/new/Histogram_Equal_Top.v"
set_global_assignment -name VERILOG_FILE "D:/IC_Competition/hdmidemotestpro7qvwuPro(1)_quitareapure(1)/hdmidemotestpro7qvwuPro(1)_quitareapure/hdmidemotestpro7uart_scalefix/hdmi_demo.srcs/sources_1/new/lut_sil9134.v"
set_global_assignment -name VERILOG_FILE "D:/IC_Competition/hdmidemotestpro7qvwuPro(1)_quitareapure(1)/hdmidemotestpro7qvwuPro(1)_quitareapure/hdmidemotestpro7uart_scalefix/hdmi_demo.srcs/sources_1/new/sdram_param.v"
set_global_assignment -name VERILOG_FILE "D:/IC_Competition/hdmidemotestpro7qvwuPro(1)_quitareapure(1)/hdmidemotestpro7qvwuPro(1)_quitareapure/hdmidemotestpro7uart_scalefix/hdmi_demo.srcs/sources_1/new/uart_cmd_parser.v"
set_global_assignment -name VERILOG_FILE "D:/IC_Competition/hdmidemotestpro7qvwuPro(1)_quitareapure(1)/hdmidemotestpro7qvwuPro(1)_quitareapure/hdmidemotestpro7uart_scalefix/hdmi_demo.srcs/sources_1/new/hdmi_ctrl.v"
set_global_assignment -name VERILOG_FILE "D:/IC_Competition/hdmidemotestpro7qvwuPro(1)_quitareapure(1)/hdmidemotestpro7qvwuPro(1)_quitareapure/hdmidemotestpro7uart_scalefix/hdmi_demo.srcs/sources_1/new/cam_clk_gen.v"
set_global_assignment -name VERILOG_FILE "D:/IC_Competition/hdmidemotestpro7qvwuPro(1)_quitareapure(1)/hdmidemotestpro7qvwuPro(1)_quitareapure/hdmidemotestpro7uart_scalefix/hdmi_demo.srcs/sources_1/new/sdram_data.v"
set_global_assignment -name VERILOG_FILE "D:/IC_Competition/hdmidemotestpro7qvwuPro(1)_quitareapure(1)/hdmidemotestpro7qvwuPro(1)_quitareapure/hdmidemotestpro7uart_scalefix/hdmi_demo.srcs/sources_1/new/uart_rx.v"
set_global_assignment -name VERILOG_FILE "D:/IC_Competition/hdmidemotestpro7qvwuPro(1)_quitareapure(1)/hdmidemotestpro7qvwuPro(1)_quitareapure/hdmidemotestpro7uart_scalefix/hdmi_demo.srcs/sources_1/new/cam_frame_buf.v"
set_global_assignment -name VERILOG_FILE "D:/IC_Competition/hdmidemotestpro7qvwuPro(1)_quitareapure(1)/hdmidemotestpro7qvwuPro(1)_quitareapure/hdmidemotestpro7uart_scalefix/hdmi_demo.srcs/sources_1/new/sobel_edge_top.v"
set_global_assignment -name VERILOG_FILE "D:/IC_Competition/hdmidemotestpro7qvwuPro(1)_quitareapure(1)/hdmidemotestpro7qvwuPro(1)_quitareapure/hdmidemotestpro7uart_scalefix/hdmi_demo.srcs/sources_1/new/ai_face_tracker.v"
set_global_assignment -name VERILOG_FILE "D:/IC_Competition/hdmidemotestpro7qvwuPro(1)_quitareapure(1)/hdmidemotestpro7qvwuPro(1)_quitareapure/hdmidemotestpro7uart_scalefix/hdmi_demo.srcs/sources_1/new/i2c_master_bit_ctrl.v"
set_global_assignment -name VERILOG_FILE "D:/IC_Competition/hdmidemotestpro7qvwuPro(1)_quitareapure(1)/hdmidemotestpro7qvwuPro(1)_quitareapure/hdmidemotestpro7uart_scalefix/hdmi_demo.srcs/sources_1/new/video_scaler_nn.v"
set_global_assignment -name VERILOG_FILE "D:/IC_Competition/hdmidemotestpro7qvwuPro(1)_quitareapure(1)/hdmidemotestpro7qvwuPro(1)_quitareapure/hdmidemotestpro7uart_scalefix/hdmi_demo.srcs/sources_1/new/retinex_ssr_top.v"
set_global_assignment -name VERILOG_FILE "D:/IC_Competition/hdmidemotestpro7qvwuPro(1)_quitareapure(1)/hdmidemotestpro7qvwuPro(1)_quitareapure/hdmidemotestpro7uart_scalefix/hdmi_demo.srcs/sources_1/new/cam_i2c_config.v"
set_global_assignment -name VERILOG_FILE "D:/IC_Competition/hdmidemotestpro7qvwuPro(1)_quitareapure(1)/hdmidemotestpro7qvwuPro(1)_quitareapure/hdmidemotestpro7uart_scalefix/hdmi_demo.srcs/sources_1/new/hdmi_display.v"
set_global_assignment -name VERILOG_FILE "D:/IC_Competition/hdmidemotestpro7qvwuPro(1)_quitareapure(1)/hdmidemotestpro7qvwuPro(1)_quitareapure/hdmidemotestpro7uart_scalefix/hdmi_demo.srcs/sources_1/new/sdram_top.v"
set_global_assignment -name VERILOG_FILE "D:/IC_Competition/hdmidemotestpro7qvwuPro(1)_quitareapure(1)/hdmidemotestpro7qvwuPro(1)_quitareapure/hdmidemotestpro7uart_scalefix/hdmi_demo.srcs/sources_1/new/i2c_master_byte_ctrl.v"
set_global_assignment -name VERILOG_FILE "D:/IC_Competition/hdmidemotestpro7qvwuPro(1)_quitareapure(1)/hdmidemotestpro7qvwuPro(1)_quitareapure/hdmidemotestpro7uart_scalefix/hdmi_demo.srcs/sources_1/ip/sdram_rd_fifo/sdram_rd_fifo.v"
set_global_assignment -name VERILOG_FILE "D:/IC_Competition/hdmidemotestpro7qvwuPro(1)_quitareapure(1)/hdmidemotestpro7qvwuPro(1)_quitareapure/hdmidemotestpro7uart_scalefix/hdmi_demo.srcs/sources_1/new/uart_tx.v"
set_global_assignment -name VERILOG_FILE "D:/IC_Competition/hdmidemotestpro7qvwuPro(1)_quitareapure(1)/hdmidemotestpro7qvwuPro(1)_quitareapure/hdmidemotestpro7uart_scalefix/hdmi_demo.srcs/sources_1/new/bilinear_interp.v"
set_global_assignment -name VERILOG_FILE "D:/IC_Competition/hdmidemotestpro7qvwuPro(1)_quitareapure(1)/hdmidemotestpro7qvwuPro(1)_quitareapure/hdmidemotestpro7uart_scalefix/hdmi_demo.srcs/sources_1/new/vj.v"
set_global_assignment -name VERILOG_FILE "D:/IC_Competition/hdmidemotestpro7qvwuPro(1)_quitareapure(1)/hdmidemotestpro7qvwuPro(1)_quitareapure/hdmidemotestpro7uart_scalefix/hdmi_demo.srcs/sources_1/ip/clk_gen/clk_gen.v"
set_global_assignment -name VERILOG_FILE "D:/IC_Competition/hdmidemotestpro7qvwuPro(1)_quitareapure(1)/hdmidemotestpro7qvwuPro(1)_quitareapure/hdmidemotestpro7uart_scalefix/hdmi_demo.srcs/sources_1/new/ov5640_init.v"
set_global_assignment -name VERILOG_FILE "D:/IC_Competition/hdmidemotestpro7qvwuPro(1)_quitareapure(1)/hdmidemotestpro7qvwuPro(1)_quitareapure/hdmidemotestpro7uart_scalefix/hdmi_demo.srcs/sources_1/new/sdram_ctrl.v"
set_global_assignment -name VERILOG_FILE "D:/IC_Competition/hdmidemotestpro7qvwuPro(1)_quitareapure(1)/hdmidemotestpro7qvwuPro(1)_quitareapure/hdmidemotestpro7uart_scalefix/hdmi_demo.srcs/sources_1/new/dehaze_dcp_top.v"
set_global_assignment -name VERILOG_FILE "D:/IC_Competition/hdmidemotestpro7qvwuPro(1)_quitareapure(1)/hdmidemotestpro7qvwuPro(1)_quitareapure/hdmidemotestpro7uart_scalefix/hdmi_demo.srcs/sources_1/new/sdram_fifo_ctrl.v"
set_global_assignment -name VERILOG_FILE "D:/IC_Competition/hdmidemotestpro7qvwuPro(1)_quitareapure(1)/hdmidemotestpro7qvwuPro(1)_quitareapure/hdmidemotestpro7uart_scalefix/hdmi_demo.srcs/sources_1/new/roms_case.v"
set_global_assignment -name VERILOG_FILE "D:/IC_Competition/hdmidemotestpro7qvwuPro(1)_quitareapure(1)/hdmidemotestpro7qvwuPro(1)_quitareapure/hdmidemotestpro7uart_scalefix/hdmi_demo.srcs/sources_1/new/sdram_cmd.v"
set_global_assignment -name VERILOG_FILE "D:/IC_Competition/hdmidemotestpro7qvwuPro(1)_quitareapure(1)/hdmidemotestpro7qvwuPro(1)_quitareapure/hdmidemotestpro7uart_scalefix/hdmi_demo.srcs/sources_1/new/sdram_control.v"
set_global_assignment -name VERILOG_FILE "D:/IC_Competition/hdmidemotestpro7qvwuPro(1)_quitareapure(1)/hdmidemotestpro7qvwuPro(1)_quitareapure/hdmidemotestpro7uart_scalefix/hdmi_demo.srcs/sources_1/new/key_debounce.v"
set_global_assignment -name VERILOG_FILE "D:/IC_Competition/hdmidemotestpro7qvwuPro(1)_quitareapure(1)/hdmidemotestpro7qvwuPro(1)_quitareapure/hdmidemotestpro7uart_scalefix/hdmi_demo.srcs/sources_1/new/vj_fetch.v"
set_global_assignment -name VERILOG_FILE "D:/IC_Competition/hdmidemotestpro7qvwuPro(1)_quitareapure(1)/hdmidemotestpro7qvwuPro(1)_quitareapure/hdmidemotestpro7uart_scalefix/hdmi_demo.srcs/sources_1/ip/sdram_wr_fifo/sdram_wr_fifo.v"
set_global_assignment -name MAX_RAM_BLOCKS_M512 0
set_global_assignment -name MAX_RAM_BLOCKS_MRAM 0
set_global_assignment -name AUTO_MERGE_PLLS OFF
set_global_assignment -name AUTO_RAM_RECOGNITION ON
set_global_assignment -name AUTO_ROM_RECOGNITION ON
set_global_assignment -name DSP_BLOCK_BALANCING AUTO
set_global_assignment -name STRATIX_OPTIMIZATION_TECHNIQUE BALANCED
set_global_assignment -name VERILOG_INPUT_VERSION VERILOG_2001
